// !$*UTF8*$!
{
	archiveVersion = 1;
	classes = {
	};
	objectVersion = 56;
	objects = {

/* Begin PBXBuildFile section */
		6E2CB45329AF6C3C008F5434 /* RMCharacterInfoModel.swift in Sources */ = {isa = PBXBuildFile; fileRef = 6E2CB45229AF6C3C008F5434 /* RMCharacterInfoModel.swift */; };
		6E2CB45529AF6C4E008F5434 /* RMInfoModel.swift in Sources */ = {isa = PBXBuildFile; fileRef = 6E2CB45429AF6C4E008F5434 /* RMInfoModel.swift */; };
		6E2CB45729AF6C9B008F5434 /* RMCharacterModel.swift in Sources */ = {isa = PBXBuildFile; fileRef = 6E2CB45629AF6C9B008F5434 /* RMCharacterModel.swift */; };
		6E2CB45929AF6CA7008F5434 /* RMCharacterOriginModel.swift in Sources */ = {isa = PBXBuildFile; fileRef = 6E2CB45829AF6CA7008F5434 /* RMCharacterOriginModel.swift */; };
		6E2CB45B29AF6CBC008F5434 /* RMCharacterLocationModel.swift in Sources */ = {isa = PBXBuildFile; fileRef = 6E2CB45A29AF6CBC008F5434 /* RMCharacterLocationModel.swift */; };
		6E2CB45D29AF6CC8008F5434 /* RMCharacterGenderModel.swift in Sources */ = {isa = PBXBuildFile; fileRef = 6E2CB45C29AF6CC8008F5434 /* RMCharacterGenderModel.swift */; };
		6E2CB45F29AF6CD2008F5434 /* RMCharacterStatusModel.swift in Sources */ = {isa = PBXBuildFile; fileRef = 6E2CB45E29AF6CD2008F5434 /* RMCharacterStatusModel.swift */; };
		6E2CB46129AF6CDD008F5434 /* RMLocationInfoModel.swift in Sources */ = {isa = PBXBuildFile; fileRef = 6E2CB46029AF6CDD008F5434 /* RMLocationInfoModel.swift */; };
		6E2CB46329AF6CE8008F5434 /* RMLocationModel.swift in Sources */ = {isa = PBXBuildFile; fileRef = 6E2CB46229AF6CE8008F5434 /* RMLocationModel.swift */; };
		6E2CB46529AF6CF6008F5434 /* RMEpisodeInfoModel.swift in Sources */ = {isa = PBXBuildFile; fileRef = 6E2CB46429AF6CF6008F5434 /* RMEpisodeInfoModel.swift */; };
		6E2CB46729AF6D01008F5434 /* RMEpisodeModel.swift in Sources */ = {isa = PBXBuildFile; fileRef = 6E2CB46629AF6D01008F5434 /* RMEpisodeModel.swift */; };
		6EC0135229B0826B001992ED /* RickAndMortyError.swift in Sources */ = {isa = PBXBuildFile; fileRef = 6EC0135129B0826B001992ED /* RickAndMortyError.swift */; };
		6EC0135429B0829C001992ED /* RequestCharactersBuilder.swift in Sources */ = {isa = PBXBuildFile; fileRef = 6EC0135329B0829C001992ED /* RequestCharactersBuilder.swift */; };
		6EC0135629B08953001992ED /* ImageError.swift in Sources */ = {isa = PBXBuildFile; fileRef = 6EC0135529B08953001992ED /* ImageError.swift */; };
		6EE782D729B348B4009E25A7 /* CharacterEntity.swift in Sources */ = {isa = PBXBuildFile; fileRef = 6EE782D629B348B4009E25A7 /* CharacterEntity.swift */; };
		6EEF283229ACA7E6005F70BF /* ImageService.swift in Sources */ = {isa = PBXBuildFile; fileRef = 6EEF283129ACA7E6005F70BF /* ImageService.swift */; };
		6EEF283B29ACAB2F005F70BF /* EpisodeRouterProtocol.swift in Sources */ = {isa = PBXBuildFile; fileRef = 6EEF283A29ACAB2F005F70BF /* EpisodeRouterProtocol.swift */; };
		6EEF284329ACC652005F70BF /* MainRouterProtocol.swift in Sources */ = {isa = PBXBuildFile; fileRef = 6EEF284229ACC652005F70BF /* MainRouterProtocol.swift */; };
		6EEF284529ACC66E005F70BF /* MainInteractorProtocol.swift in Sources */ = {isa = PBXBuildFile; fileRef = 6EEF284429ACC66E005F70BF /* MainInteractorProtocol.swift */; };
		6EEF284729ACC6BB005F70BF /* MainPresenterProtocol.swift in Sources */ = {isa = PBXBuildFile; fileRef = 6EEF284629ACC6BB005F70BF /* MainPresenterProtocol.swift */; };
		6EEF285029ACD611005F70BF /* CharacterViewProtocol.swift in Sources */ = {isa = PBXBuildFile; fileRef = 6EEF284F29ACD611005F70BF /* CharacterViewProtocol.swift */; };
		6EEF285229ACD62A005F70BF /* CharacterPresenterProtocol.swift in Sources */ = {isa = PBXBuildFile; fileRef = 6EEF285129ACD62A005F70BF /* CharacterPresenterProtocol.swift */; };
		6EEF285429ACD637005F70BF /* CharacterRouterProtocol.swift in Sources */ = {isa = PBXBuildFile; fileRef = 6EEF285329ACD637005F70BF /* CharacterRouterProtocol.swift */; };
		6EEF285629ACD647005F70BF /* CharacterInteractorProtocol.swift in Sources */ = {isa = PBXBuildFile; fileRef = 6EEF285529ACD647005F70BF /* CharacterInteractorProtocol.swift */; };
		6EEF285829ACD7D8005F70BF /* MainViewProtocol.swift in Sources */ = {isa = PBXBuildFile; fileRef = 6EEF285729ACD7D8005F70BF /* MainViewProtocol.swift */; };
		8520C9F629225F6000401008 /* MainCollectionViewCell.swift in Sources */ = {isa = PBXBuildFile; fileRef = 8520C9F529225F6000401008 /* MainCollectionViewCell.swift */; };
		85327CF029B3A7FE001B6DD5 /* MainInteractorError.swift in Sources */ = {isa = PBXBuildFile; fileRef = 85327CEF29B3A7FE001B6DD5 /* MainInteractorError.swift */; };
		85327CF229B3C149001B6DD5 /* RickAndMortyProtocol.swift in Sources */ = {isa = PBXBuildFile; fileRef = 85327CF129B3C149001B6DD5 /* RickAndMortyProtocol.swift */; };
		8552E9EA29AA14BF000D7B45 /* TransitioningDelegate.swift in Sources */ = {isa = PBXBuildFile; fileRef = 8552E9E929AA14BF000D7B45 /* TransitioningDelegate.swift */; };
		8552E9EC29AA1DDC000D7B45 /* TransitionAnimation.swift in Sources */ = {isa = PBXBuildFile; fileRef = 8552E9EB29AA1DDC000D7B45 /* TransitionAnimation.swift */; };
		8552E9EE29AA2FC7000D7B45 /* CharacterAnimator.swift in Sources */ = {isa = PBXBuildFile; fileRef = 8552E9ED29AA2FC7000D7B45 /* CharacterAnimator.swift */; };
		85845B932993FA3F007306C8 /* StartModuleBuilder.swift in Sources */ = {isa = PBXBuildFile; fileRef = 85845B8E2993FA3F007306C8 /* StartModuleBuilder.swift */; };
		85845B942993FA3F007306C8 /* StartPresenter.swift in Sources */ = {isa = PBXBuildFile; fileRef = 85845B8F2993FA3F007306C8 /* StartPresenter.swift */; };
		85845B952993FA3F007306C8 /* StartRouter.swift in Sources */ = {isa = PBXBuildFile; fileRef = 85845B902993FA3F007306C8 /* StartRouter.swift */; };
		85845B962993FA3F007306C8 /* StartViewController.swift in Sources */ = {isa = PBXBuildFile; fileRef = 85845B912993FA3F007306C8 /* StartViewController.swift */; };
		85845B972993FA3F007306C8 /* StartInteractor.swift in Sources */ = {isa = PBXBuildFile; fileRef = 85845B922993FA3F007306C8 /* StartInteractor.swift */; };
		85A6487529AC8BC70017C31A /* EpisodeModuleBuilder.swift in Sources */ = {isa = PBXBuildFile; fileRef = 85A6487029AC8BC70017C31A /* EpisodeModuleBuilder.swift */; };
		85A6487629AC8BC70017C31A /* EpisodePresenter.swift in Sources */ = {isa = PBXBuildFile; fileRef = 85A6487129AC8BC70017C31A /* EpisodePresenter.swift */; };
		85A6487729AC8BC70017C31A /* EpisodeRouter.swift in Sources */ = {isa = PBXBuildFile; fileRef = 85A6487229AC8BC70017C31A /* EpisodeRouter.swift */; };
		85A6487829AC8BC70017C31A /* EpisodeViewController.swift in Sources */ = {isa = PBXBuildFile; fileRef = 85A6487329AC8BC70017C31A /* EpisodeViewController.swift */; };
		85A6487929AC8BC70017C31A /* EpisodeInteractor.swift in Sources */ = {isa = PBXBuildFile; fileRef = 85A6487429AC8BC70017C31A /* EpisodeInteractor.swift */; };
		85A6488129AC8F9B0017C31A /* LocationModuleBuilder.swift in Sources */ = {isa = PBXBuildFile; fileRef = 85A6487C29AC8F9B0017C31A /* LocationModuleBuilder.swift */; };
		85A6488229AC8F9B0017C31A /* LocationPresenter.swift in Sources */ = {isa = PBXBuildFile; fileRef = 85A6487D29AC8F9B0017C31A /* LocationPresenter.swift */; };
		85A6488329AC8F9B0017C31A /* LocationRouter.swift in Sources */ = {isa = PBXBuildFile; fileRef = 85A6487E29AC8F9B0017C31A /* LocationRouter.swift */; };
		85A6488429AC8F9B0017C31A /* LocationViewController.swift in Sources */ = {isa = PBXBuildFile; fileRef = 85A6487F29AC8F9B0017C31A /* LocationViewController.swift */; };
		85A6488529AC8F9B0017C31A /* LocationInteractor.swift in Sources */ = {isa = PBXBuildFile; fileRef = 85A6488029AC8F9B0017C31A /* LocationInteractor.swift */; };
		85A6489229AC94910017C31A /* EpisodeCollectionViewCell.swift in Sources */ = {isa = PBXBuildFile; fileRef = 85A6489129AC94910017C31A /* EpisodeCollectionViewCell.swift */; };
		85A6489529AC982E0017C31A /* LocationCollectionViewCell.swift in Sources */ = {isa = PBXBuildFile; fileRef = 85A6489429AC982E0017C31A /* LocationCollectionViewCell.swift */; };
		85B4D26D29205F4E00EF3AB4 /* AppDelegate.swift in Sources */ = {isa = PBXBuildFile; fileRef = 85B4D26C29205F4E00EF3AB4 /* AppDelegate.swift */; };
		85B4D26F29205F4E00EF3AB4 /* SceneDelegate.swift in Sources */ = {isa = PBXBuildFile; fileRef = 85B4D26E29205F4E00EF3AB4 /* SceneDelegate.swift */; };
		85B4D27629205F4F00EF3AB4 /* Assets.xcassets in Resources */ = {isa = PBXBuildFile; fileRef = 85B4D27529205F4F00EF3AB4 /* Assets.xcassets */; };
		85B4D27929205F4F00EF3AB4 /* LaunchScreen.storyboard in Resources */ = {isa = PBXBuildFile; fileRef = 85B4D27729205F4F00EF3AB4 /* LaunchScreen.storyboard */; };
		85B60930299CF12500876EF7 /* CharacterRouter.swift in Sources */ = {isa = PBXBuildFile; fileRef = 85B6092B299CF12500876EF7 /* CharacterRouter.swift */; };
		85B60931299CF12500876EF7 /* CharacterModuleBuilder.swift in Sources */ = {isa = PBXBuildFile; fileRef = 85B6092C299CF12500876EF7 /* CharacterModuleBuilder.swift */; };
		85B60932299CF12500876EF7 /* CharacterPresenter.swift in Sources */ = {isa = PBXBuildFile; fileRef = 85B6092D299CF12500876EF7 /* CharacterPresenter.swift */; };
		85B60933299CF12500876EF7 /* CharacterInteractor.swift in Sources */ = {isa = PBXBuildFile; fileRef = 85B6092E299CF12500876EF7 /* CharacterInteractor.swift */; };
		85B60934299CF12500876EF7 /* CharacterViewController.swift in Sources */ = {isa = PBXBuildFile; fileRef = 85B6092F299CF12500876EF7 /* CharacterViewController.swift */; };
		85CECD7129B47FF800E855DC /* MainModuleBuilderProtocol.swift in Sources */ = {isa = PBXBuildFile; fileRef = 85CECD7029B47FF800E855DC /* MainModuleBuilderProtocol.swift */; };
		85EEF0932921213F001C93F8 /* MainModuleBuilder.swift in Sources */ = {isa = PBXBuildFile; fileRef = 85EEF08E2921213F001C93F8 /* MainModuleBuilder.swift */; };
		85EEF0942921213F001C93F8 /* MainPresenter.swift in Sources */ = {isa = PBXBuildFile; fileRef = 85EEF08F2921213F001C93F8 /* MainPresenter.swift */; };
		85EEF0952921213F001C93F8 /* MainRouter.swift in Sources */ = {isa = PBXBuildFile; fileRef = 85EEF0902921213F001C93F8 /* MainRouter.swift */; };
		85EEF0962921213F001C93F8 /* MainViewController.swift in Sources */ = {isa = PBXBuildFile; fileRef = 85EEF0912921213F001C93F8 /* MainViewController.swift */; };
		85EEF0972921213F001C93F8 /* MainInteractor.swift in Sources */ = {isa = PBXBuildFile; fileRef = 85EEF0922921213F001C93F8 /* MainInteractor.swift */; };
		85EEF09B292121C5001C93F8 /* RickAndMortyService.swift in Sources */ = {isa = PBXBuildFile; fileRef = 85EEF09A292121C5001C93F8 /* RickAndMortyService.swift */; };
/* End PBXBuildFile section */

/* Begin PBXFileReference section */
		6E2CB45229AF6C3C008F5434 /* RMCharacterInfoModel.swift */ = {isa = PBXFileReference; lastKnownFileType = sourcecode.swift; path = RMCharacterInfoModel.swift; sourceTree = "<group>"; };
		6E2CB45429AF6C4E008F5434 /* RMInfoModel.swift */ = {isa = PBXFileReference; lastKnownFileType = sourcecode.swift; path = RMInfoModel.swift; sourceTree = "<group>"; };
		6E2CB45629AF6C9B008F5434 /* RMCharacterModel.swift */ = {isa = PBXFileReference; lastKnownFileType = sourcecode.swift; path = RMCharacterModel.swift; sourceTree = "<group>"; };
		6E2CB45829AF6CA7008F5434 /* RMCharacterOriginModel.swift */ = {isa = PBXFileReference; lastKnownFileType = sourcecode.swift; path = RMCharacterOriginModel.swift; sourceTree = "<group>"; };
		6E2CB45A29AF6CBC008F5434 /* RMCharacterLocationModel.swift */ = {isa = PBXFileReference; lastKnownFileType = sourcecode.swift; path = RMCharacterLocationModel.swift; sourceTree = "<group>"; };
		6E2CB45C29AF6CC8008F5434 /* RMCharacterGenderModel.swift */ = {isa = PBXFileReference; lastKnownFileType = sourcecode.swift; path = RMCharacterGenderModel.swift; sourceTree = "<group>"; };
		6E2CB45E29AF6CD2008F5434 /* RMCharacterStatusModel.swift */ = {isa = PBXFileReference; lastKnownFileType = sourcecode.swift; path = RMCharacterStatusModel.swift; sourceTree = "<group>"; };
		6E2CB46029AF6CDD008F5434 /* RMLocationInfoModel.swift */ = {isa = PBXFileReference; lastKnownFileType = sourcecode.swift; path = RMLocationInfoModel.swift; sourceTree = "<group>"; };
		6E2CB46229AF6CE8008F5434 /* RMLocationModel.swift */ = {isa = PBXFileReference; lastKnownFileType = sourcecode.swift; path = RMLocationModel.swift; sourceTree = "<group>"; };
		6E2CB46429AF6CF6008F5434 /* RMEpisodeInfoModel.swift */ = {isa = PBXFileReference; lastKnownFileType = sourcecode.swift; path = RMEpisodeInfoModel.swift; sourceTree = "<group>"; };
		6E2CB46629AF6D01008F5434 /* RMEpisodeModel.swift */ = {isa = PBXFileReference; lastKnownFileType = sourcecode.swift; path = RMEpisodeModel.swift; sourceTree = "<group>"; };
		6EC0135129B0826B001992ED /* RickAndMortyError.swift */ = {isa = PBXFileReference; lastKnownFileType = sourcecode.swift; path = RickAndMortyError.swift; sourceTree = "<group>"; };
		6EC0135329B0829C001992ED /* RequestCharactersBuilder.swift */ = {isa = PBXFileReference; lastKnownFileType = sourcecode.swift; path = RequestCharactersBuilder.swift; sourceTree = "<group>"; };
		6EC0135529B08953001992ED /* ImageError.swift */ = {isa = PBXFileReference; lastKnownFileType = sourcecode.swift; path = ImageError.swift; sourceTree = "<group>"; };
		6EE782D629B348B4009E25A7 /* CharacterEntity.swift */ = {isa = PBXFileReference; lastKnownFileType = sourcecode.swift; name = CharacterEntity.swift; path = "Rick and Morty/Main/Entities/CharacterEntity.swift"; sourceTree = SOURCE_ROOT; };
		6EEF283129ACA7E6005F70BF /* ImageService.swift */ = {isa = PBXFileReference; lastKnownFileType = sourcecode.swift; path = ImageService.swift; sourceTree = "<group>"; };
		6EEF283A29ACAB2F005F70BF /* EpisodeRouterProtocol.swift */ = {isa = PBXFileReference; lastKnownFileType = sourcecode.swift; path = EpisodeRouterProtocol.swift; sourceTree = "<group>"; };
		6EEF284229ACC652005F70BF /* MainRouterProtocol.swift */ = {isa = PBXFileReference; lastKnownFileType = sourcecode.swift; path = MainRouterProtocol.swift; sourceTree = "<group>"; };
		6EEF284429ACC66E005F70BF /* MainInteractorProtocol.swift */ = {isa = PBXFileReference; lastKnownFileType = sourcecode.swift; path = MainInteractorProtocol.swift; sourceTree = "<group>"; };
		6EEF284629ACC6BB005F70BF /* MainPresenterProtocol.swift */ = {isa = PBXFileReference; lastKnownFileType = sourcecode.swift; path = MainPresenterProtocol.swift; sourceTree = "<group>"; };
		6EEF284F29ACD611005F70BF /* CharacterViewProtocol.swift */ = {isa = PBXFileReference; lastKnownFileType = sourcecode.swift; path = CharacterViewProtocol.swift; sourceTree = "<group>"; };
		6EEF285129ACD62A005F70BF /* CharacterPresenterProtocol.swift */ = {isa = PBXFileReference; lastKnownFileType = sourcecode.swift; path = CharacterPresenterProtocol.swift; sourceTree = "<group>"; };
		6EEF285329ACD637005F70BF /* CharacterRouterProtocol.swift */ = {isa = PBXFileReference; lastKnownFileType = sourcecode.swift; path = CharacterRouterProtocol.swift; sourceTree = "<group>"; };
		6EEF285529ACD647005F70BF /* CharacterInteractorProtocol.swift */ = {isa = PBXFileReference; lastKnownFileType = sourcecode.swift; path = CharacterInteractorProtocol.swift; sourceTree = "<group>"; };
		6EEF285729ACD7D8005F70BF /* MainViewProtocol.swift */ = {isa = PBXFileReference; lastKnownFileType = sourcecode.swift; path = MainViewProtocol.swift; sourceTree = "<group>"; };
		8520C9F529225F6000401008 /* MainCollectionViewCell.swift */ = {isa = PBXFileReference; lastKnownFileType = sourcecode.swift; path = MainCollectionViewCell.swift; sourceTree = "<group>"; };
		85327CEF29B3A7FE001B6DD5 /* MainInteractorError.swift */ = {isa = PBXFileReference; lastKnownFileType = sourcecode.swift; path = MainInteractorError.swift; sourceTree = "<group>"; };
		85327CF129B3C149001B6DD5 /* RickAndMortyProtocol.swift */ = {isa = PBXFileReference; lastKnownFileType = sourcecode.swift; path = RickAndMortyProtocol.swift; sourceTree = "<group>"; };
		8552E9E929AA14BF000D7B45 /* TransitioningDelegate.swift */ = {isa = PBXFileReference; lastKnownFileType = sourcecode.swift; path = TransitioningDelegate.swift; sourceTree = "<group>"; };
		8552E9EB29AA1DDC000D7B45 /* TransitionAnimation.swift */ = {isa = PBXFileReference; lastKnownFileType = sourcecode.swift; path = TransitionAnimation.swift; sourceTree = "<group>"; };
		8552E9ED29AA2FC7000D7B45 /* CharacterAnimator.swift */ = {isa = PBXFileReference; lastKnownFileType = sourcecode.swift; path = CharacterAnimator.swift; sourceTree = "<group>"; };
		85845B8E2993FA3F007306C8 /* StartModuleBuilder.swift */ = {isa = PBXFileReference; lastKnownFileType = sourcecode.swift; path = StartModuleBuilder.swift; sourceTree = "<group>"; };
		85845B8F2993FA3F007306C8 /* StartPresenter.swift */ = {isa = PBXFileReference; lastKnownFileType = sourcecode.swift; path = StartPresenter.swift; sourceTree = "<group>"; };
		85845B902993FA3F007306C8 /* StartRouter.swift */ = {isa = PBXFileReference; lastKnownFileType = sourcecode.swift; path = StartRouter.swift; sourceTree = "<group>"; };
		85845B912993FA3F007306C8 /* StartViewController.swift */ = {isa = PBXFileReference; lastKnownFileType = sourcecode.swift; path = StartViewController.swift; sourceTree = "<group>"; };
		85845B922993FA3F007306C8 /* StartInteractor.swift */ = {isa = PBXFileReference; lastKnownFileType = sourcecode.swift; path = StartInteractor.swift; sourceTree = "<group>"; };
		85A6487029AC8BC70017C31A /* EpisodeModuleBuilder.swift */ = {isa = PBXFileReference; lastKnownFileType = sourcecode.swift; path = EpisodeModuleBuilder.swift; sourceTree = "<group>"; };
		85A6487129AC8BC70017C31A /* EpisodePresenter.swift */ = {isa = PBXFileReference; lastKnownFileType = sourcecode.swift; path = EpisodePresenter.swift; sourceTree = "<group>"; };
		85A6487229AC8BC70017C31A /* EpisodeRouter.swift */ = {isa = PBXFileReference; lastKnownFileType = sourcecode.swift; path = EpisodeRouter.swift; sourceTree = "<group>"; };
		85A6487329AC8BC70017C31A /* EpisodeViewController.swift */ = {isa = PBXFileReference; lastKnownFileType = sourcecode.swift; path = EpisodeViewController.swift; sourceTree = "<group>"; };
		85A6487429AC8BC70017C31A /* EpisodeInteractor.swift */ = {isa = PBXFileReference; lastKnownFileType = sourcecode.swift; path = EpisodeInteractor.swift; sourceTree = "<group>"; };
		85A6487C29AC8F9B0017C31A /* LocationModuleBuilder.swift */ = {isa = PBXFileReference; lastKnownFileType = sourcecode.swift; path = LocationModuleBuilder.swift; sourceTree = "<group>"; };
		85A6487D29AC8F9B0017C31A /* LocationPresenter.swift */ = {isa = PBXFileReference; lastKnownFileType = sourcecode.swift; path = LocationPresenter.swift; sourceTree = "<group>"; };
		85A6487E29AC8F9B0017C31A /* LocationRouter.swift */ = {isa = PBXFileReference; lastKnownFileType = sourcecode.swift; path = LocationRouter.swift; sourceTree = "<group>"; };
		85A6487F29AC8F9B0017C31A /* LocationViewController.swift */ = {isa = PBXFileReference; lastKnownFileType = sourcecode.swift; path = LocationViewController.swift; sourceTree = "<group>"; };
		85A6488029AC8F9B0017C31A /* LocationInteractor.swift */ = {isa = PBXFileReference; lastKnownFileType = sourcecode.swift; path = LocationInteractor.swift; sourceTree = "<group>"; };
		85A6489129AC94910017C31A /* EpisodeCollectionViewCell.swift */ = {isa = PBXFileReference; lastKnownFileType = sourcecode.swift; path = EpisodeCollectionViewCell.swift; sourceTree = "<group>"; };
		85A6489429AC982E0017C31A /* LocationCollectionViewCell.swift */ = {isa = PBXFileReference; lastKnownFileType = sourcecode.swift; path = LocationCollectionViewCell.swift; sourceTree = "<group>"; };
		85B4D26929205F4E00EF3AB4 /* Rick and Morty.app */ = {isa = PBXFileReference; explicitFileType = wrapper.application; includeInIndex = 0; path = "Rick and Morty.app"; sourceTree = BUILT_PRODUCTS_DIR; };
		85B4D26C29205F4E00EF3AB4 /* AppDelegate.swift */ = {isa = PBXFileReference; lastKnownFileType = sourcecode.swift; path = AppDelegate.swift; sourceTree = "<group>"; };
		85B4D26E29205F4E00EF3AB4 /* SceneDelegate.swift */ = {isa = PBXFileReference; lastKnownFileType = sourcecode.swift; path = SceneDelegate.swift; sourceTree = "<group>"; };
		85B4D27529205F4F00EF3AB4 /* Assets.xcassets */ = {isa = PBXFileReference; lastKnownFileType = folder.assetcatalog; path = Assets.xcassets; sourceTree = "<group>"; };
		85B4D27829205F4F00EF3AB4 /* Base */ = {isa = PBXFileReference; lastKnownFileType = file.storyboard; name = Base; path = Base.lproj/LaunchScreen.storyboard; sourceTree = "<group>"; };
		85B4D27A29205F4F00EF3AB4 /* Info.plist */ = {isa = PBXFileReference; lastKnownFileType = text.plist.xml; path = Info.plist; sourceTree = "<group>"; };
		85B6092B299CF12500876EF7 /* CharacterRouter.swift */ = {isa = PBXFileReference; fileEncoding = 4; lastKnownFileType = sourcecode.swift; path = CharacterRouter.swift; sourceTree = "<group>"; };
		85B6092C299CF12500876EF7 /* CharacterModuleBuilder.swift */ = {isa = PBXFileReference; fileEncoding = 4; lastKnownFileType = sourcecode.swift; path = CharacterModuleBuilder.swift; sourceTree = "<group>"; };
		85B6092D299CF12500876EF7 /* CharacterPresenter.swift */ = {isa = PBXFileReference; fileEncoding = 4; lastKnownFileType = sourcecode.swift; path = CharacterPresenter.swift; sourceTree = "<group>"; };
		85B6092E299CF12500876EF7 /* CharacterInteractor.swift */ = {isa = PBXFileReference; fileEncoding = 4; lastKnownFileType = sourcecode.swift; path = CharacterInteractor.swift; sourceTree = "<group>"; };
		85B6092F299CF12500876EF7 /* CharacterViewController.swift */ = {isa = PBXFileReference; fileEncoding = 4; lastKnownFileType = sourcecode.swift; path = CharacterViewController.swift; sourceTree = "<group>"; };
		85CECD7029B47FF800E855DC /* MainModuleBuilderProtocol.swift */ = {isa = PBXFileReference; lastKnownFileType = sourcecode.swift; path = MainModuleBuilderProtocol.swift; sourceTree = "<group>"; };
		85EEF08E2921213F001C93F8 /* MainModuleBuilder.swift */ = {isa = PBXFileReference; lastKnownFileType = sourcecode.swift; path = MainModuleBuilder.swift; sourceTree = "<group>"; };
		85EEF08F2921213F001C93F8 /* MainPresenter.swift */ = {isa = PBXFileReference; lastKnownFileType = sourcecode.swift; path = MainPresenter.swift; sourceTree = "<group>"; };
		85EEF0902921213F001C93F8 /* MainRouter.swift */ = {isa = PBXFileReference; lastKnownFileType = sourcecode.swift; path = MainRouter.swift; sourceTree = "<group>"; };
		85EEF0912921213F001C93F8 /* MainViewController.swift */ = {isa = PBXFileReference; lastKnownFileType = sourcecode.swift; path = MainViewController.swift; sourceTree = "<group>"; };
		85EEF0922921213F001C93F8 /* MainInteractor.swift */ = {isa = PBXFileReference; lastKnownFileType = sourcecode.swift; path = MainInteractor.swift; sourceTree = "<group>"; };
		85EEF09A292121C5001C93F8 /* RickAndMortyService.swift */ = {isa = PBXFileReference; lastKnownFileType = sourcecode.swift; path = RickAndMortyService.swift; sourceTree = "<group>"; };
/* End PBXFileReference section */

/* Begin PBXFrameworksBuildPhase section */
		85B4D26629205F4E00EF3AB4 /* Frameworks */ = {
			isa = PBXFrameworksBuildPhase;
			buildActionMask = 2147483647;
			files = (
			);
			runOnlyForDeploymentPostprocessing = 0;
		};
/* End PBXFrameworksBuildPhase section */

/* Begin PBXGroup section */
		6E195CAE29B36121000DD494 /* Entities */ = {
			isa = PBXGroup;
			children = (
				6EE782D629B348B4009E25A7 /* CharacterEntity.swift */,
			);
			path = Entities;
			sourceTree = "<group>";
		};
		6E2CB45129AF39D7008F5434 /* Later */ = {
			isa = PBXGroup;
			children = (
				85B6092A299CF12500876EF7 /* Character */,
				85A6487B29AC8F880017C31A /* Location */,
				85A6487A29AC8BCB0017C31A /* Episode */,
				85845B982993FA57007306C8 /* Start */,
			);
			path = Later;
			sourceTree = "<group>";
		};
		6EEF283329ACAA72005F70BF /* View */ = {
			isa = PBXGroup;
			children = (
				85A6489129AC94910017C31A /* EpisodeCollectionViewCell.swift */,
				85A6487329AC8BC70017C31A /* EpisodeViewController.swift */,
			);
			path = View;
			sourceTree = "<group>";
		};
		6EEF283429ACAA88005F70BF /* Presenter */ = {
			isa = PBXGroup;
			children = (
				85A6487129AC8BC70017C31A /* EpisodePresenter.swift */,
			);
			path = Presenter;
			sourceTree = "<group>";
		};
		6EEF283529ACAAA3005F70BF /* Router */ = {
			isa = PBXGroup;
			children = (
				85A6487229AC8BC70017C31A /* EpisodeRouter.swift */,
				6EEF283A29ACAB2F005F70BF /* EpisodeRouterProtocol.swift */,
			);
			path = Router;
			sourceTree = "<group>";
		};
		6EEF283629ACAABD005F70BF /* Interactor */ = {
			isa = PBXGroup;
			children = (
				85A6487429AC8BC70017C31A /* EpisodeInteractor.swift */,
			);
			path = Interactor;
			sourceTree = "<group>";
		};
		6EEF283729ACAAC9005F70BF /* Builder */ = {
			isa = PBXGroup;
			children = (
				85A6487029AC8BC70017C31A /* EpisodeModuleBuilder.swift */,
			);
			path = Builder;
			sourceTree = "<group>";
		};
		6EEF283829ACAADB005F70BF /* Models */ = {
			isa = PBXGroup;
			children = (
				6E2CB46629AF6D01008F5434 /* RMEpisodeModel.swift */,
				6E2CB46429AF6CF6008F5434 /* RMEpisodeInfoModel.swift */,
				6E2CB46229AF6CE8008F5434 /* RMLocationModel.swift */,
				6E2CB46029AF6CDD008F5434 /* RMLocationInfoModel.swift */,
				6E2CB45E29AF6CD2008F5434 /* RMCharacterStatusModel.swift */,
				6E2CB45C29AF6CC8008F5434 /* RMCharacterGenderModel.swift */,
				6E2CB45A29AF6CBC008F5434 /* RMCharacterLocationModel.swift */,
				6E2CB45829AF6CA7008F5434 /* RMCharacterOriginModel.swift */,
				6E2CB45629AF6C9B008F5434 /* RMCharacterModel.swift */,
				6E2CB45429AF6C4E008F5434 /* RMInfoModel.swift */,
				6E2CB45229AF6C3C008F5434 /* RMCharacterInfoModel.swift */,
			);
			path = Models;
			sourceTree = "<group>";
		};
		6EEF283929ACAB01005F70BF /* Entities */ = {
			isa = PBXGroup;
			children = (
			);
			path = Entities;
			sourceTree = "<group>";
		};
		6EEF283D29ACC5E7005F70BF /* Builder */ = {
			isa = PBXGroup;
			children = (
				85EEF08E2921213F001C93F8 /* MainModuleBuilder.swift */,
				85CECD7029B47FF800E855DC /* MainModuleBuilderProtocol.swift */,
			);
			path = Builder;
			sourceTree = "<group>";
		};
		6EEF283E29ACC5F3005F70BF /* View */ = {
			isa = PBXGroup;
			children = (
				85EEF0912921213F001C93F8 /* MainViewController.swift */,
				6EEF285729ACD7D8005F70BF /* MainViewProtocol.swift */,
				8520C9F529225F6000401008 /* MainCollectionViewCell.swift */,
			);
			path = View;
			sourceTree = "<group>";
		};
		6EEF283F29ACC5F9005F70BF /* Router */ = {
			isa = PBXGroup;
			children = (
				85EEF0902921213F001C93F8 /* MainRouter.swift */,
				6EEF284229ACC652005F70BF /* MainRouterProtocol.swift */,
			);
			path = Router;
			sourceTree = "<group>";
		};
		6EEF284029ACC600005F70BF /* Presenter */ = {
			isa = PBXGroup;
			children = (
				85EEF08F2921213F001C93F8 /* MainPresenter.swift */,
				6EEF284629ACC6BB005F70BF /* MainPresenterProtocol.swift */,
			);
			path = Presenter;
			sourceTree = "<group>";
		};
		6EEF284129ACC618005F70BF /* Interactor */ = {
			isa = PBXGroup;
			children = (
				85EEF0922921213F001C93F8 /* MainInteractor.swift */,
				85327CEF29B3A7FE001B6DD5 /* MainInteractorError.swift */,
				6EEF284429ACC66E005F70BF /* MainInteractorProtocol.swift */,
			);
			path = Interactor;
			sourceTree = "<group>";
		};
		6EEF284929ACC7D9005F70BF /* Entites */ = {
			isa = PBXGroup;
			children = (
			);
			path = Entites;
			sourceTree = "<group>";
		};
		6EEF284A29ACC7E1005F70BF /* Builder */ = {
			isa = PBXGroup;
			children = (
				85B6092C299CF12500876EF7 /* CharacterModuleBuilder.swift */,
			);
			path = Builder;
			sourceTree = "<group>";
		};
		6EEF284B29ACC7F1005F70BF /* Interactor */ = {
			isa = PBXGroup;
			children = (
				85B6092E299CF12500876EF7 /* CharacterInteractor.swift */,
				6EEF285529ACD647005F70BF /* CharacterInteractorProtocol.swift */,
			);
			path = Interactor;
			sourceTree = "<group>";
		};
		6EEF284C29ACC7FE005F70BF /* Presenter */ = {
			isa = PBXGroup;
			children = (
				85B6092D299CF12500876EF7 /* CharacterPresenter.swift */,
				6EEF285129ACD62A005F70BF /* CharacterPresenterProtocol.swift */,
			);
			path = Presenter;
			sourceTree = "<group>";
		};
		6EEF284D29ACC805005F70BF /* VIew */ = {
			isa = PBXGroup;
			children = (
				85B6092F299CF12500876EF7 /* CharacterViewController.swift */,
				6EEF284F29ACD611005F70BF /* CharacterViewProtocol.swift */,
				8552E9ED29AA2FC7000D7B45 /* CharacterAnimator.swift */,
			);
			path = VIew;
			sourceTree = "<group>";
		};
		6EEF284E29ACC81E005F70BF /* Router */ = {
			isa = PBXGroup;
			children = (
				85B6092B299CF12500876EF7 /* CharacterRouter.swift */,
				6EEF285329ACD637005F70BF /* CharacterRouterProtocol.swift */,
			);
			path = Router;
			sourceTree = "<group>";
		};
		85845B982993FA57007306C8 /* Start */ = {
			isa = PBXGroup;
			children = (
				85845B8E2993FA3F007306C8 /* StartModuleBuilder.swift */,
				85845B8F2993FA3F007306C8 /* StartPresenter.swift */,
				85845B902993FA3F007306C8 /* StartRouter.swift */,
				85845B912993FA3F007306C8 /* StartViewController.swift */,
				85845B922993FA3F007306C8 /* StartInteractor.swift */,
			);
			path = Start;
			sourceTree = "<group>";
		};
		85A6487A29AC8BCB0017C31A /* Episode */ = {
			isa = PBXGroup;
			children = (
				6EEF283929ACAB01005F70BF /* Entities */,
				6EEF283729ACAAC9005F70BF /* Builder */,
				6EEF283629ACAABD005F70BF /* Interactor */,
				6EEF283529ACAAA3005F70BF /* Router */,
				6EEF283429ACAA88005F70BF /* Presenter */,
				6EEF283329ACAA72005F70BF /* View */,
			);
			path = Episode;
			sourceTree = "<group>";
		};
		85A6487B29AC8F880017C31A /* Location */ = {
			isa = PBXGroup;
			children = (
				85A6489329AC98150017C31A /* Group */,
				85A6487D29AC8F9B0017C31A /* LocationPresenter.swift */,
				85A6487E29AC8F9B0017C31A /* LocationRouter.swift */,
				85A6487F29AC8F9B0017C31A /* LocationViewController.swift */,
				85A6488029AC8F9B0017C31A /* LocationInteractor.swift */,
			);
			path = Location;
			sourceTree = "<group>";
		};
		85A6489329AC98150017C31A /* Group */ = {
			isa = PBXGroup;
			children = (
				85A6487C29AC8F9B0017C31A /* LocationModuleBuilder.swift */,
				85A6489429AC982E0017C31A /* LocationCollectionViewCell.swift */,
			);
			path = Group;
			sourceTree = "<group>";
		};
		85B4D26029205F4E00EF3AB4 = {
			isa = PBXGroup;
			children = (
				85B4D26B29205F4E00EF3AB4 /* Rick and Morty */,
				85B4D26A29205F4E00EF3AB4 /* Products */,
			);
			sourceTree = "<group>";
		};
		85B4D26A29205F4E00EF3AB4 /* Products */ = {
			isa = PBXGroup;
			children = (
				85B4D26929205F4E00EF3AB4 /* Rick and Morty.app */,
			);
			name = Products;
			sourceTree = "<group>";
		};
		85B4D26B29205F4E00EF3AB4 /* Rick and Morty */ = {
			isa = PBXGroup;
			children = (
				6E2CB45129AF39D7008F5434 /* Later */,
				85EEF09829212142001C93F8 /* Main */,
				85EEF099292121B3001C93F8 /* API */,
				85EEF08D29212127001C93F8 /* Application */,
				85EEF08C29212116001C93F8 /* Resources */,
			);
			path = "Rick and Morty";
			sourceTree = "<group>";
		};
		85B6092A299CF12500876EF7 /* Character */ = {
			isa = PBXGroup;
			children = (
				6EEF284929ACC7D9005F70BF /* Entites */,
				6EEF284A29ACC7E1005F70BF /* Builder */,
				6EEF284B29ACC7F1005F70BF /* Interactor */,
				6EEF284E29ACC81E005F70BF /* Router */,
				6EEF284C29ACC7FE005F70BF /* Presenter */,
				6EEF284D29ACC805005F70BF /* VIew */,
			);
			path = Character;
			sourceTree = "<group>";
		};
		85EEF08C29212116001C93F8 /* Resources */ = {
			isa = PBXGroup;
			children = (
				85B4D27529205F4F00EF3AB4 /* Assets.xcassets */,
				85B4D27729205F4F00EF3AB4 /* LaunchScreen.storyboard */,
				85B4D27A29205F4F00EF3AB4 /* Info.plist */,
			);
			path = Resources;
			sourceTree = "<group>";
		};
		85EEF08D29212127001C93F8 /* Application */ = {
			isa = PBXGroup;
			children = (
				85B4D26C29205F4E00EF3AB4 /* AppDelegate.swift */,
				85B4D26E29205F4E00EF3AB4 /* SceneDelegate.swift */,
				8552E9E929AA14BF000D7B45 /* TransitioningDelegate.swift */,
				8552E9EB29AA1DDC000D7B45 /* TransitionAnimation.swift */,
			);
			path = Application;
			sourceTree = "<group>";
		};
		85EEF09829212142001C93F8 /* Main */ = {
			isa = PBXGroup;
			children = (
				6E195CAE29B36121000DD494 /* Entities */,
				6EEF283D29ACC5E7005F70BF /* Builder */,
				6EEF284129ACC618005F70BF /* Interactor */,
				6EEF283F29ACC5F9005F70BF /* Router */,
				6EEF284029ACC600005F70BF /* Presenter */,
				6EEF283E29ACC5F3005F70BF /* View */,
			);
			path = Main;
			sourceTree = "<group>";
		};
		85EEF099292121B3001C93F8 /* API */ = {
			isa = PBXGroup;
			children = (
				6EEF283829ACAADB005F70BF /* Models */,
				85EEF09A292121C5001C93F8 /* RickAndMortyService.swift */,
				85327CF129B3C149001B6DD5 /* RickAndMortyProtocol.swift */,
				6EC0135129B0826B001992ED /* RickAndMortyError.swift */,
				6EC0135329B0829C001992ED /* RequestCharactersBuilder.swift */,
				6EC0135529B08953001992ED /* ImageError.swift */,
				6EEF283129ACA7E6005F70BF /* ImageService.swift */,
			);
			path = API;
			sourceTree = "<group>";
		};
/* End PBXGroup section */

/* Begin PBXNativeTarget section */
		85B4D26829205F4E00EF3AB4 /* Rick and Morty */ = {
			isa = PBXNativeTarget;
			buildConfigurationList = 85B4D27D29205F4F00EF3AB4 /* Build configuration list for PBXNativeTarget "Rick and Morty" */;
			buildPhases = (
				85B4D26529205F4E00EF3AB4 /* Sources */,
				85B4D26629205F4E00EF3AB4 /* Frameworks */,
				85B4D26729205F4E00EF3AB4 /* Resources */,
			);
			buildRules = (
			);
			dependencies = (
			);
			name = "Rick and Morty";
			productName = "Rick and Morty";
			productReference = 85B4D26929205F4E00EF3AB4 /* Rick and Morty.app */;
			productType = "com.apple.product-type.application";
		};
/* End PBXNativeTarget section */

/* Begin PBXProject section */
		85B4D26129205F4E00EF3AB4 /* Project object */ = {
			isa = PBXProject;
			attributes = {
				BuildIndependentTargetsInParallel = 1;
				LastSwiftUpdateCheck = 1400;
				LastUpgradeCheck = 1400;
				TargetAttributes = {
					85B4D26829205F4E00EF3AB4 = {
						CreatedOnToolsVersion = 14.0;
					};
				};
			};
			buildConfigurationList = 85B4D26429205F4E00EF3AB4 /* Build configuration list for PBXProject "Rick and Morty" */;
			compatibilityVersion = "Xcode 14.0";
			developmentRegion = en;
			hasScannedForEncodings = 0;
			knownRegions = (
				en,
				Base,
			);
			mainGroup = 85B4D26029205F4E00EF3AB4;
			productRefGroup = 85B4D26A29205F4E00EF3AB4 /* Products */;
			projectDirPath = "";
			projectRoot = "";
			targets = (
				85B4D26829205F4E00EF3AB4 /* Rick and Morty */,
			);
		};
/* End PBXProject section */

/* Begin PBXResourcesBuildPhase section */
		85B4D26729205F4E00EF3AB4 /* Resources */ = {
			isa = PBXResourcesBuildPhase;
			buildActionMask = 2147483647;
			files = (
				85B4D27929205F4F00EF3AB4 /* LaunchScreen.storyboard in Resources */,
				85B4D27629205F4F00EF3AB4 /* Assets.xcassets in Resources */,
			);
			runOnlyForDeploymentPostprocessing = 0;
		};
/* End PBXResourcesBuildPhase section */

/* Begin PBXSourcesBuildPhase section */
		85B4D26529205F4E00EF3AB4 /* Sources */ = {
			isa = PBXSourcesBuildPhase;
			buildActionMask = 2147483647;
			files = (
				85B60934299CF12500876EF7 /* CharacterViewController.swift in Sources */,
				6EEF284529ACC66E005F70BF /* MainInteractorProtocol.swift in Sources */,
				85CECD7129B47FF800E855DC /* MainModuleBuilderProtocol.swift in Sources */,
				8520C9F629225F6000401008 /* MainCollectionViewCell.swift in Sources */,
				6EEF285229ACD62A005F70BF /* CharacterPresenterProtocol.swift in Sources */,
				6EEF283B29ACAB2F005F70BF /* EpisodeRouterProtocol.swift in Sources */,
				85845B962993FA3F007306C8 /* StartViewController.swift in Sources */,
				85A6487929AC8BC70017C31A /* EpisodeInteractor.swift in Sources */,
				85B60931299CF12500876EF7 /* CharacterModuleBuilder.swift in Sources */,
				85A6487729AC8BC70017C31A /* EpisodeRouter.swift in Sources */,
				85A6488529AC8F9B0017C31A /* LocationInteractor.swift in Sources */,
				6E2CB45D29AF6CC8008F5434 /* RMCharacterGenderModel.swift in Sources */,
				85845B932993FA3F007306C8 /* StartModuleBuilder.swift in Sources */,
				6E2CB45929AF6CA7008F5434 /* RMCharacterOriginModel.swift in Sources */,
				85A6488129AC8F9B0017C31A /* LocationModuleBuilder.swift in Sources */,
				85327CF029B3A7FE001B6DD5 /* MainInteractorError.swift in Sources */,
				85A6488329AC8F9B0017C31A /* LocationRouter.swift in Sources */,
				6E2CB45729AF6C9B008F5434 /* RMCharacterModel.swift in Sources */,
				85B60930299CF12500876EF7 /* CharacterRouter.swift in Sources */,
				6E2CB45B29AF6CBC008F5434 /* RMCharacterLocationModel.swift in Sources */,
				85845B942993FA3F007306C8 /* StartPresenter.swift in Sources */,
				6EEF284329ACC652005F70BF /* MainRouterProtocol.swift in Sources */,
				85A6487529AC8BC70017C31A /* EpisodeModuleBuilder.swift in Sources */,
				6E2CB45329AF6C3C008F5434 /* RMCharacterInfoModel.swift in Sources */,
				85A6489529AC982E0017C31A /* LocationCollectionViewCell.swift in Sources */,
				85EEF0952921213F001C93F8 /* MainRouter.swift in Sources */,
				85EEF09B292121C5001C93F8 /* RickAndMortyService.swift in Sources */,
				6EEF285829ACD7D8005F70BF /* MainViewProtocol.swift in Sources */,
				85B4D26D29205F4E00EF3AB4 /* AppDelegate.swift in Sources */,
				85A6488229AC8F9B0017C31A /* LocationPresenter.swift in Sources */,
				85A6487629AC8BC70017C31A /* EpisodePresenter.swift in Sources */,
				6EC0135229B0826B001992ED /* RickAndMortyError.swift in Sources */,
				6E2CB45529AF6C4E008F5434 /* RMInfoModel.swift in Sources */,
				85EEF0932921213F001C93F8 /* MainModuleBuilder.swift in Sources */,
				85B60933299CF12500876EF7 /* CharacterInteractor.swift in Sources */,
				85327CF229B3C149001B6DD5 /* RickAndMortyProtocol.swift in Sources */,
				8552E9EC29AA1DDC000D7B45 /* TransitionAnimation.swift in Sources */,
				85845B952993FA3F007306C8 /* StartRouter.swift in Sources */,
				85EEF0962921213F001C93F8 /* MainViewController.swift in Sources */,
				6E2CB46129AF6CDD008F5434 /* RMLocationInfoModel.swift in Sources */,
				6EC0135629B08953001992ED /* ImageError.swift in Sources */,
				85B4D26F29205F4E00EF3AB4 /* SceneDelegate.swift in Sources */,
				85A6489229AC94910017C31A /* EpisodeCollectionViewCell.swift in Sources */,
				8552E9EE29AA2FC7000D7B45 /* CharacterAnimator.swift in Sources */,
				6E2CB46729AF6D01008F5434 /* RMEpisodeModel.swift in Sources */,
				6EEF285629ACD647005F70BF /* CharacterInteractorProtocol.swift in Sources */,
				6EEF285429ACD637005F70BF /* CharacterRouterProtocol.swift in Sources */,
				6EEF284729ACC6BB005F70BF /* MainPresenterProtocol.swift in Sources */,
				85B60932299CF12500876EF7 /* CharacterPresenter.swift in Sources */,
				85A6487829AC8BC70017C31A /* EpisodeViewController.swift in Sources */,
				6E2CB45F29AF6CD2008F5434 /* RMCharacterStatusModel.swift in Sources */,
				85A6488429AC8F9B0017C31A /* LocationViewController.swift in Sources */,
				6EEF283229ACA7E6005F70BF /* ImageService.swift in Sources */,
				6E2CB46529AF6CF6008F5434 /* RMEpisodeInfoModel.swift in Sources */,
				8552E9EA29AA14BF000D7B45 /* TransitioningDelegate.swift in Sources */,
				6EC0135429B0829C001992ED /* RequestCharactersBuilder.swift in Sources */,
				85EEF0972921213F001C93F8 /* MainInteractor.swift in Sources */,
				85EEF0942921213F001C93F8 /* MainPresenter.swift in Sources */,
				6E2CB46329AF6CE8008F5434 /* RMLocationModel.swift in Sources */,
				6EEF285029ACD611005F70BF /* CharacterViewProtocol.swift in Sources */,
				6EE782D729B348B4009E25A7 /* CharacterEntity.swift in Sources */,
				85845B972993FA3F007306C8 /* StartInteractor.swift in Sources */,
			);
			runOnlyForDeploymentPostprocessing = 0;
		};
/* End PBXSourcesBuildPhase section */

/* Begin PBXVariantGroup section */
		85B4D27729205F4F00EF3AB4 /* LaunchScreen.storyboard */ = {
			isa = PBXVariantGroup;
			children = (
				85B4D27829205F4F00EF3AB4 /* Base */,
			);
			name = LaunchScreen.storyboard;
			sourceTree = "<group>";
		};
/* End PBXVariantGroup section */

/* Begin XCBuildConfiguration section */
		85B4D27B29205F4F00EF3AB4 /* Debug */ = {
			isa = XCBuildConfiguration;
			buildSettings = {
				ALWAYS_SEARCH_USER_PATHS = NO;
				CLANG_ANALYZER_NONNULL = YES;
				CLANG_ANALYZER_NUMBER_OBJECT_CONVERSION = YES_AGGRESSIVE;
				CLANG_CXX_LANGUAGE_STANDARD = "gnu++20";
				CLANG_ENABLE_MODULES = YES;
				CLANG_ENABLE_OBJC_ARC = YES;
				CLANG_ENABLE_OBJC_WEAK = YES;
				CLANG_WARN_BLOCK_CAPTURE_AUTORELEASING = YES;
				CLANG_WARN_BOOL_CONVERSION = YES;
				CLANG_WARN_COMMA = YES;
				CLANG_WARN_CONSTANT_CONVERSION = YES;
				CLANG_WARN_DEPRECATED_OBJC_IMPLEMENTATIONS = YES;
				CLANG_WARN_DIRECT_OBJC_ISA_USAGE = YES_ERROR;
				CLANG_WARN_DOCUMENTATION_COMMENTS = YES;
				CLANG_WARN_EMPTY_BODY = YES;
				CLANG_WARN_ENUM_CONVERSION = YES;
				CLANG_WARN_INFINITE_RECURSION = YES;
				CLANG_WARN_INT_CONVERSION = YES;
				CLANG_WARN_NON_LITERAL_NULL_CONVERSION = YES;
				CLANG_WARN_OBJC_IMPLICIT_RETAIN_SELF = YES;
				CLANG_WARN_OBJC_LITERAL_CONVERSION = YES;
				CLANG_WARN_OBJC_ROOT_CLASS = YES_ERROR;
				CLANG_WARN_QUOTED_INCLUDE_IN_FRAMEWORK_HEADER = YES;
				CLANG_WARN_RANGE_LOOP_ANALYSIS = YES;
				CLANG_WARN_STRICT_PROTOTYPES = YES;
				CLANG_WARN_SUSPICIOUS_MOVE = YES;
				CLANG_WARN_UNGUARDED_AVAILABILITY = YES_AGGRESSIVE;
				CLANG_WARN_UNREACHABLE_CODE = YES;
				CLANG_WARN__DUPLICATE_METHOD_MATCH = YES;
				COPY_PHASE_STRIP = NO;
				DEBUG_INFORMATION_FORMAT = dwarf;
				ENABLE_STRICT_OBJC_MSGSEND = YES;
				ENABLE_TESTABILITY = YES;
				GCC_C_LANGUAGE_STANDARD = gnu11;
				GCC_DYNAMIC_NO_PIC = NO;
				GCC_NO_COMMON_BLOCKS = YES;
				GCC_OPTIMIZATION_LEVEL = 0;
				GCC_PREPROCESSOR_DEFINITIONS = (
					"DEBUG=1",
					"$(inherited)",
				);
				GCC_WARN_64_TO_32_BIT_CONVERSION = YES;
				GCC_WARN_ABOUT_RETURN_TYPE = YES_ERROR;
				GCC_WARN_UNDECLARED_SELECTOR = YES;
				GCC_WARN_UNINITIALIZED_AUTOS = YES_AGGRESSIVE;
				GCC_WARN_UNUSED_FUNCTION = YES;
				GCC_WARN_UNUSED_VARIABLE = YES;
				IPHONEOS_DEPLOYMENT_TARGET = 16.0;
				MTL_ENABLE_DEBUG_INFO = INCLUDE_SOURCE;
				MTL_FAST_MATH = YES;
				ONLY_ACTIVE_ARCH = YES;
				SDKROOT = iphoneos;
				SWIFT_ACTIVE_COMPILATION_CONDITIONS = DEBUG;
				SWIFT_OPTIMIZATION_LEVEL = "-Onone";
			};
			name = Debug;
		};
		85B4D27C29205F4F00EF3AB4 /* Release */ = {
			isa = XCBuildConfiguration;
			buildSettings = {
				ALWAYS_SEARCH_USER_PATHS = NO;
				CLANG_ANALYZER_NONNULL = YES;
				CLANG_ANALYZER_NUMBER_OBJECT_CONVERSION = YES_AGGRESSIVE;
				CLANG_CXX_LANGUAGE_STANDARD = "gnu++20";
				CLANG_ENABLE_MODULES = YES;
				CLANG_ENABLE_OBJC_ARC = YES;
				CLANG_ENABLE_OBJC_WEAK = YES;
				CLANG_WARN_BLOCK_CAPTURE_AUTORELEASING = YES;
				CLANG_WARN_BOOL_CONVERSION = YES;
				CLANG_WARN_COMMA = YES;
				CLANG_WARN_CONSTANT_CONVERSION = YES;
				CLANG_WARN_DEPRECATED_OBJC_IMPLEMENTATIONS = YES;
				CLANG_WARN_DIRECT_OBJC_ISA_USAGE = YES_ERROR;
				CLANG_WARN_DOCUMENTATION_COMMENTS = YES;
				CLANG_WARN_EMPTY_BODY = YES;
				CLANG_WARN_ENUM_CONVERSION = YES;
				CLANG_WARN_INFINITE_RECURSION = YES;
				CLANG_WARN_INT_CONVERSION = YES;
				CLANG_WARN_NON_LITERAL_NULL_CONVERSION = YES;
				CLANG_WARN_OBJC_IMPLICIT_RETAIN_SELF = YES;
				CLANG_WARN_OBJC_LITERAL_CONVERSION = YES;
				CLANG_WARN_OBJC_ROOT_CLASS = YES_ERROR;
				CLANG_WARN_QUOTED_INCLUDE_IN_FRAMEWORK_HEADER = YES;
				CLANG_WARN_RANGE_LOOP_ANALYSIS = YES;
				CLANG_WARN_STRICT_PROTOTYPES = YES;
				CLANG_WARN_SUSPICIOUS_MOVE = YES;
				CLANG_WARN_UNGUARDED_AVAILABILITY = YES_AGGRESSIVE;
				CLANG_WARN_UNREACHABLE_CODE = YES;
				CLANG_WARN__DUPLICATE_METHOD_MATCH = YES;
				COPY_PHASE_STRIP = NO;
				DEBUG_INFORMATION_FORMAT = "dwarf-with-dsym";
				ENABLE_NS_ASSERTIONS = NO;
				ENABLE_STRICT_OBJC_MSGSEND = YES;
				GCC_C_LANGUAGE_STANDARD = gnu11;
				GCC_NO_COMMON_BLOCKS = YES;
				GCC_WARN_64_TO_32_BIT_CONVERSION = YES;
				GCC_WARN_ABOUT_RETURN_TYPE = YES_ERROR;
				GCC_WARN_UNDECLARED_SELECTOR = YES;
				GCC_WARN_UNINITIALIZED_AUTOS = YES_AGGRESSIVE;
				GCC_WARN_UNUSED_FUNCTION = YES;
				GCC_WARN_UNUSED_VARIABLE = YES;
				IPHONEOS_DEPLOYMENT_TARGET = 16.0;
				MTL_ENABLE_DEBUG_INFO = NO;
				MTL_FAST_MATH = YES;
				SDKROOT = iphoneos;
				SWIFT_COMPILATION_MODE = wholemodule;
				SWIFT_OPTIMIZATION_LEVEL = "-O";
				VALIDATE_PRODUCT = YES;
			};
			name = Release;
		};
		85B4D27E29205F4F00EF3AB4 /* Debug */ = {
			isa = XCBuildConfiguration;
			buildSettings = {
				ASSETCATALOG_COMPILER_APPICON_NAME = AppIcon;
				ASSETCATALOG_COMPILER_GLOBAL_ACCENT_COLOR_NAME = AccentColor;
				CODE_SIGN_STYLE = Automatic;
				CURRENT_PROJECT_VERSION = 1;
				DEVELOPMENT_TEAM = RQDWVF4978;
				GENERATE_INFOPLIST_FILE = YES;
				INFOPLIST_FILE = "Rick and Morty/Resources/Info.plist";
				INFOPLIST_KEY_UIApplicationSupportsIndirectInputEvents = YES;
				INFOPLIST_KEY_UILaunchStoryboardName = LaunchScreen;
				INFOPLIST_KEY_UISupportedInterfaceOrientations_iPad = "UIInterfaceOrientationPortrait UIInterfaceOrientationPortraitUpsideDown UIInterfaceOrientationLandscapeLeft UIInterfaceOrientationLandscapeRight";
				INFOPLIST_KEY_UISupportedInterfaceOrientations_iPhone = "UIInterfaceOrientationPortrait UIInterfaceOrientationLandscapeLeft UIInterfaceOrientationLandscapeRight";
				IPHONEOS_DEPLOYMENT_TARGET = 15.0;
				LD_RUNPATH_SEARCH_PATHS = (
					"$(inherited)",
					"@executable_path/Frameworks",
				);
				MARKETING_VERSION = 1.0;
				PRODUCT_BUNDLE_IDENTIFIER = "ivnvtosh.Rick-and-Morty";
				PRODUCT_NAME = "$(TARGET_NAME)";
				SWIFT_EMIT_LOC_STRINGS = YES;
				SWIFT_VERSION = 5.0;
				TARGETED_DEVICE_FAMILY = "1,2";
			};
			name = Debug;
		};
		85B4D27F29205F4F00EF3AB4 /* Release */ = {
			isa = XCBuildConfiguration;
			buildSettings = {
				ASSETCATALOG_COMPILER_APPICON_NAME = AppIcon;
				ASSETCATALOG_COMPILER_GLOBAL_ACCENT_COLOR_NAME = AccentColor;
				CODE_SIGN_STYLE = Automatic;
				CURRENT_PROJECT_VERSION = 1;
				DEVELOPMENT_TEAM = RQDWVF4978;
				GENERATE_INFOPLIST_FILE = YES;
				INFOPLIST_FILE = "Rick and Morty/Resources/Info.plist";
				INFOPLIST_KEY_UIApplicationSupportsIndirectInputEvents = YES;
				INFOPLIST_KEY_UILaunchStoryboardName = LaunchScreen;
				INFOPLIST_KEY_UISupportedInterfaceOrientations_iPad = "UIInterfaceOrientationPortrait UIInterfaceOrientationPortraitUpsideDown UIInterfaceOrientationLandscapeLeft UIInterfaceOrientationLandscapeRight";
				INFOPLIST_KEY_UISupportedInterfaceOrientations_iPhone = "UIInterfaceOrientationPortrait UIInterfaceOrientationLandscapeLeft UIInterfaceOrientationLandscapeRight";
				IPHONEOS_DEPLOYMENT_TARGET = 15.0;
				LD_RUNPATH_SEARCH_PATHS = (
					"$(inherited)",
					"@executable_path/Frameworks",
				);
				MARKETING_VERSION = 1.0;
				PRODUCT_BUNDLE_IDENTIFIER = "ivnvtosh.Rick-and-Morty";
				PRODUCT_NAME = "$(TARGET_NAME)";
				SWIFT_EMIT_LOC_STRINGS = YES;
				SWIFT_VERSION = 5.0;
				TARGETED_DEVICE_FAMILY = "1,2";
			};
			name = Release;
		};
/* End XCBuildConfiguration section */

/* Begin XCConfigurationList section */
		85B4D26429205F4E00EF3AB4 /* Build configuration list for PBXProject "Rick and Morty" */ = {
			isa = XCConfigurationList;
			buildConfigurations = (
				85B4D27B29205F4F00EF3AB4 /* Debug */,
				85B4D27C29205F4F00EF3AB4 /* Release */,
			);
			defaultConfigurationIsVisible = 0;
			defaultConfigurationName = Release;
		};
		85B4D27D29205F4F00EF3AB4 /* Build configuration list for PBXNativeTarget "Rick and Morty" */ = {
			isa = XCConfigurationList;
			buildConfigurations = (
				85B4D27E29205F4F00EF3AB4 /* Debug */,
				85B4D27F29205F4F00EF3AB4 /* Release */,
			);
			defaultConfigurationIsVisible = 0;
			defaultConfigurationName = Release;
		};
/* End XCConfigurationList section */
	};
	rootObject = 85B4D26129205F4E00EF3AB4 /* Project object */;
}
